
Microsoft Visual Studio Solution File, Format Version 12.00
# Visual Studio Version 17
VisualStudioVersion = 17.0.31903.59
MinimumVisualStudioVersion = 10.0.40219.1
Project("{FAE04EC0-301F-11D3-BF4B-00C04F79EFBC}") = "Models.Common", "Models.Common\Models.Common.csproj", "{F91D866C-637E-45B1-A56C-2B4A6009DF9A}"
EndProject
Project("{FAE04EC0-301F-11D3-BF4B-00C04F79EFBC}") = "Models.Application", "Models.Application\Models.Application.csproj", "{52F8AA83-842A-4140-8387-5A10D08613B7}"
EndProject
Project("{FAE04EC0-301F-11D3-BF4B-00C04F79EFBC}") = "Models.Api.Web", "Models.Api.Web\Models.Api.Web.csproj", "{99C4144C-FAB8-47D3-B063-DE3751952D40}"
EndProject
Project("{FAE04EC0-301F-11D3-BF4B-00C04F79EFBC}") = "Core", "Core\Core.csproj", "{EBC1A1A9-9347-4C96-900C-4DC9F3CF9A6A}"
EndProject
Project("{FAE04EC0-301F-11D3-BF4B-00C04F79EFBC}") = "Application", "Application\Application.csproj", "{44C560FC-0F5E-4F7B-9866-86660302A0BA}"
EndProject
Project("{FAE04EC0-301F-11D3-BF4B-00C04F79EFBC}") = "Infrastructure", "Infrastructure\Infrastructure.csproj", "{B3465BAE-4F42-4213-A219-7BF51FD90308}"
EndProject
Project("{FAE04EC0-301F-11D3-BF4B-00C04F79EFBC}") = "Api.Web.Common", "Api.Web.Common\Api.Web.Common.csproj", "{4D0046CF-BBD0-4DCF-94F1-DF72ACEA52AE}"
EndProject
Project("{FAE04EC0-301F-11D3-BF4B-00C04F79EFBC}") = "Api.Web.User", "Api.Web.User\Api.Web.User.csproj", "{90CC396B-C76F-468E-AF01-2B86D893D42A}"
EndProject
Project("{FAE04EC0-301F-11D3-BF4B-00C04F79EFBC}") = "Api.Web.Admin", "Api.Web.Admin\Api.Web.Admin.csproj", "{5A14ED8F-F0DF-4D74-83D4-7ADBE33ABD16}"
EndProject
Global
	GlobalSection(SolutionConfigurationPlatforms) = preSolution
		Debug|Any CPU = Debug|Any CPU
		Debug|x64 = Debug|x64
		Debug|x86 = Debug|x86
		Release|Any CPU = Release|Any CPU
		Release|x64 = Release|x64
		Release|x86 = Release|x86
	EndGlobalSection
	GlobalSection(ProjectConfigurationPlatforms) = postSolution
		{F91D866C-637E-45B1-A56C-2B4A6009DF9A}.Debug|Any CPU.ActiveCfg = Debug|Any CPU
		{F91D866C-637E-45B1-A56C-2B4A6009DF9A}.Debug|Any CPU.Build.0 = Debug|Any CPU
		{F91D866C-637E-45B1-A56C-2B4A6009DF9A}.Debug|x64.ActiveCfg = Debug|Any CPU
		{F91D866C-637E-45B1-A56C-2B4A6009DF9A}.Debug|x64.Build.0 = Debug|Any CPU
		{F91D866C-637E-45B1-A56C-2B4A6009DF9A}.Debug|x86.ActiveCfg = Debug|Any CPU
		{F91D866C-637E-45B1-A56C-2B4A6009DF9A}.Debug|x86.Build.0 = Debug|Any CPU
		{F91D866C-637E-45B1-A56C-2B4A6009DF9A}.Release|Any CPU.ActiveCfg = Release|Any CPU
		{F91D866C-637E-45B1-A56C-2B4A6009DF9A}.Release|Any CPU.Build.0 = Release|Any CPU
		{F91D866C-637E-45B1-A56C-2B4A6009DF9A}.Release|x64.ActiveCfg = Release|Any CPU
		{F91D866C-637E-45B1-A56C-2B4A6009DF9A}.Release|x64.Build.0 = Release|Any CPU
		{F91D866C-637E-45B1-A56C-2B4A6009DF9A}.Release|x86.ActiveCfg = Release|Any CPU
		{F91D866C-637E-45B1-A56C-2B4A6009DF9A}.Release|x86.Build.0 = Release|Any CPU
		{52F8AA83-842A-4140-8387-5A10D08613B7}.Debug|Any CPU.ActiveCfg = Debug|Any CPU
		{52F8AA83-842A-4140-8387-5A10D08613B7}.Debug|Any CPU.Build.0 = Debug|Any CPU
		{52F8AA83-842A-4140-8387-5A10D08613B7}.Debug|x64.ActiveCfg = Debug|Any CPU
		{52F8AA83-842A-4140-8387-5A10D08613B7}.Debug|x64.Build.0 = Debug|Any CPU
		{52F8AA83-842A-4140-8387-5A10D08613B7}.Debug|x86.ActiveCfg = Debug|Any CPU
		{52F8AA83-842A-4140-8387-5A10D08613B7}.Debug|x86.Build.0 = Debug|Any CPU
		{52F8AA83-842A-4140-8387-5A10D08613B7}.Release|Any CPU.ActiveCfg = Release|Any CPU
		{52F8AA83-842A-4140-8387-5A10D08613B7}.Release|Any CPU.Build.0 = Release|Any CPU
		{52F8AA83-842A-4140-8387-5A10D08613B7}.Release|x64.ActiveCfg = Release|Any CPU
		{52F8AA83-842A-4140-8387-5A10D08613B7}.Release|x64.Build.0 = Release|Any CPU
		{52F8AA83-842A-4140-8387-5A10D08613B7}.Release|x86.ActiveCfg = Release|Any CPU
		{52F8AA83-842A-4140-8387-5A10D08613B7}.Release|x86.Build.0 = Release|Any CPU
		{99C4144C-FAB8-47D3-B063-DE3751952D40}.Debug|Any CPU.ActiveCfg = Debug|Any CPU
		{99C4144C-FAB8-47D3-B063-DE3751952D40}.Debug|Any CPU.Build.0 = Debug|Any CPU
		{99C4144C-FAB8-47D3-B063-DE3751952D40}.Debug|x64.ActiveCfg = Debug|Any CPU
		{99C4144C-FAB8-47D3-B063-DE3751952D40}.Debug|x64.Build.0 = Debug|Any CPU
		{99C4144C-FAB8-47D3-B063-DE3751952D40}.Debug|x86.ActiveCfg = Debug|Any CPU
		{99C4144C-FAB8-47D3-B063-DE3751952D40}.Debug|x86.Build.0 = Debug|Any CPU
		{99C4144C-FAB8-47D3-B063-DE3751952D40}.Release|Any CPU.ActiveCfg = Release|Any CPU
		{99C4144C-FAB8-47D3-B063-DE3751952D40}.Release|Any CPU.Build.0 = Release|Any CPU
		{99C4144C-FAB8-47D3-B063-DE3751952D40}.Release|x64.ActiveCfg = Release|Any CPU
		{99C4144C-FAB8-47D3-B063-DE3751952D40}.Release|x64.Build.0 = Release|Any CPU
		{99C4144C-FAB8-47D3-B063-DE3751952D40}.Release|x86.ActiveCfg = Release|Any CPU
		{99C4144C-FAB8-47D3-B063-DE3751952D40}.Release|x86.Build.0 = Release|Any CPU
		{EBC1A1A9-9347-4C96-900C-4DC9F3CF9A6A}.Debug|Any CPU.ActiveCfg = Debug|Any CPU
		{EBC1A1A9-9347-4C96-900C-4DC9F3CF9A6A}.Debug|Any CPU.Build.0 = Debug|Any CPU
		{EBC1A1A9-9347-4C96-900C-4DC9F3CF9A6A}.Debug|x64.ActiveCfg = Debug|Any CPU
		{EBC1A1A9-9347-4C96-900C-4DC9F3CF9A6A}.Debug|x64.Build.0 = Debug|Any CPU
		{EBC1A1A9-9347-4C96-900C-4DC9F3CF9A6A}.Debug|x86.ActiveCfg = Debug|Any CPU
		{EBC1A1A9-9347-4C96-900C-4DC9F3CF9A6A}.Debug|x86.Build.0 = Debug|Any CPU
		{EBC1A1A9-9347-4C96-900C-4DC9F3CF9A6A}.Release|Any CPU.ActiveCfg = Release|Any CPU
		{EBC1A1A9-9347-4C96-900C-4DC9F3CF9A6A}.Release|Any CPU.Build.0 = Release|Any CPU
		{EBC1A1A9-9347-4C96-900C-4DC9F3CF9A6A}.Release|x64.ActiveCfg = Release|Any CPU
		{EBC1A1A9-9347-4C96-900C-4DC9F3CF9A6A}.Release|x64.Build.0 = Release|Any CPU
		{EBC1A1A9-9347-4C96-900C-4DC9F3CF9A6A}.Release|x86.ActiveCfg = Release|Any CPU
		{EBC1A1A9-9347-4C96-900C-4DC9F3CF9A6A}.Release|x86.Build.0 = Release|Any CPU
		{44C560FC-0F5E-4F7B-9866-86660302A0BA}.Debug|Any CPU.ActiveCfg = Debug|Any CPU
		{44C560FC-0F5E-4F7B-9866-86660302A0BA}.Debug|Any CPU.Build.0 = Debug|Any CPU
		{44C560FC-0F5E-4F7B-9866-86660302A0BA}.Debug|x64.ActiveCfg = Debug|Any CPU
		{44C560FC-0F5E-4F7B-9866-86660302A0BA}.Debug|x64.Build.0 = Debug|Any CPU
		{44C560FC-0F5E-4F7B-9866-86660302A0BA}.Debug|x86.ActiveCfg = Debug|Any CPU
		{44C560FC-0F5E-4F7B-9866-86660302A0BA}.Debug|x86.Build.0 = Debug|Any CPU
		{44C560FC-0F5E-4F7B-9866-86660302A0BA}.Release|Any CPU.ActiveCfg = Release|Any CPU
		{44C560FC-0F5E-4F7B-9866-86660302A0BA}.Release|Any CPU.Build.0 = Release|Any CPU
		{44C560FC-0F5E-4F7B-9866-86660302A0BA}.Release|x64.ActiveCfg = Release|Any CPU
		{44C560FC-0F5E-4F7B-9866-86660302A0BA}.Release|x64.Build.0 = Release|Any CPU
		{44C560FC-0F5E-4F7B-9866-86660302A0BA}.Release|x86.ActiveCfg = Release|Any CPU
		{44C560FC-0F5E-4F7B-9866-86660302A0BA}.Release|x86.Build.0 = Release|Any CPU
		{B3465BAE-4F42-4213-A219-7BF51FD90308}.Debug|Any CPU.ActiveCfg = Debug|Any CPU
		{B3465BAE-4F42-4213-A219-7BF51FD90308}.Debug|Any CPU.Build.0 = Debug|Any CPU
		{B3465BAE-4F42-4213-A219-7BF51FD90308}.Debug|x64.ActiveCfg = Debug|Any CPU
		{B3465BAE-4F42-4213-A219-7BF51FD90308}.Debug|x64.Build.0 = Debug|Any CPU
		{B3465BAE-4F42-4213-A219-7BF51FD90308}.Debug|x86.ActiveCfg = Debug|Any CPU
		{B3465BAE-4F42-4213-A219-7BF51FD90308}.Debug|x86.Build.0 = Debug|Any CPU
		{B3465BAE-4F42-4213-A219-7BF51FD90308}.Release|Any CPU.ActiveCfg = Release|Any CPU
		{B3465BAE-4F42-4213-A219-7BF51FD90308}.Release|Any CPU.Build.0 = Release|Any CPU
		{B3465BAE-4F42-4213-A219-7BF51FD90308}.Release|x64.ActiveCfg = Release|Any CPU
		{B3465BAE-4F42-4213-A219-7BF51FD90308}.Release|x64.Build.0 = Release|Any CPU
		{B3465BAE-4F42-4213-A219-7BF51FD90308}.Release|x86.ActiveCfg = Release|Any CPU
		{B3465BAE-4F42-4213-A219-7BF51FD90308}.Release|x86.Build.0 = Release|Any CPU
		{4D0046CF-BBD0-4DCF-94F1-DF72ACEA52AE}.Debug|Any CPU.ActiveCfg = Debug|Any CPU
		{4D0046CF-BBD0-4DCF-94F1-DF72ACEA52AE}.Debug|Any CPU.Build.0 = Debug|Any CPU
		{4D0046CF-BBD0-4DCF-94F1-DF72ACEA52AE}.Debug|x64.ActiveCfg = Debug|Any CPU
		{4D0046CF-BBD0-4DCF-94F1-DF72ACEA52AE}.Debug|x64.Build.0 = Debug|Any CPU
		{4D0046CF-BBD0-4DCF-94F1-DF72ACEA52AE}.Debug|x86.ActiveCfg = Debug|Any CPU
		{4D0046CF-BBD0-4DCF-94F1-DF72ACEA52AE}.Debug|x86.Build.0 = Debug|Any CPU
		{4D0046CF-BBD0-4DCF-94F1-DF72ACEA52AE}.Release|Any CPU.ActiveCfg = Release|Any CPU
		{4D0046CF-BBD0-4DCF-94F1-DF72ACEA52AE}.Release|Any CPU.Build.0 = Release|Any CPU
		{4D0046CF-BBD0-4DCF-94F1-DF72ACEA52AE}.Release|x64.ActiveCfg = Release|Any CPU
		{4D0046CF-BBD0-4DCF-94F1-DF72ACEA52AE}.Release|x64.Build.0 = Release|Any CPU
		{4D0046CF-BBD0-4DCF-94F1-DF72ACEA52AE}.Release|x86.ActiveCfg = Release|Any CPU
		{4D0046CF-BBD0-4DCF-94F1-DF72ACEA52AE}.Release|x86.Build.0 = Release|Any CPU
		{90CC396B-C76F-468E-AF01-2B86D893D42A}.Debug|Any CPU.ActiveCfg = Debug|Any CPU
		{90CC396B-C76F-468E-AF01-2B86D893D42A}.Debug|Any CPU.Build.0 = Debug|Any CPU
		{90CC396B-C76F-468E-AF01-2B86D893D42A}.Debug|x64.ActiveCfg = Debug|Any CPU
		{90CC396B-C76F-468E-AF01-2B86D893D42A}.Debug|x64.Build.0 = Debug|Any CPU
		{90CC396B-C76F-468E-AF01-2B86D893D42A}.Debug|x86.ActiveCfg = Debug|Any CPU
		{90CC396B-C76F-468E-AF01-2B86D893D42A}.Debug|x86.Build.0 = Debug|Any CPU
		{90CC396B-C76F-468E-AF01-2B86D893D42A}.Release|Any CPU.ActiveCfg = Release|Any CPU
		{90CC396B-C76F-468E-AF01-2B86D893D42A}.Release|Any CPU.Build.0 = Release|Any CPU
		{90CC396B-C76F-468E-AF01-2B86D893D42A}.Release|x64.ActiveCfg = Release|Any CPU
		{90CC396B-C76F-468E-AF01-2B86D893D42A}.Release|x64.Build.0 = Release|Any CPU
		{90CC396B-C76F-468E-AF01-2B86D893D42A}.Release|x86.ActiveCfg = Release|Any CPU
		{90CC396B-C76F-468E-AF01-2B86D893D42A}.Release|x86.Build.0 = Release|Any CPU
		{5A14ED8F-F0DF-4D74-83D4-7ADBE33ABD16}.Debug|Any CPU.ActiveCfg = Debug|Any CPU
		{5A14ED8F-F0DF-4D74-83D4-7ADBE33ABD16}.Debug|Any CPU.Build.0 = Debug|Any CPU
		{5A14ED8F-F0DF-4D74-83D4-7ADBE33ABD16}.Debug|x64.ActiveCfg = Debug|Any CPU
		{5A14ED8F-F0DF-4D74-83D4-7ADBE33ABD16}.Debug|x64.Build.0 = Debug|Any CPU
		{5A14ED8F-F0DF-4D74-83D4-7ADBE33ABD16}.Debug|x86.ActiveCfg = Debug|Any CPU
		{5A14ED8F-F0DF-4D74-83D4-7ADBE33ABD16}.Debug|x86.Build.0 = Debug|Any CPU
		{5A14ED8F-F0DF-4D74-83D4-7ADBE33ABD16}.Release|Any CPU.ActiveCfg = Release|Any CPU
		{5A14ED8F-F0DF-4D74-83D4-7ADBE33ABD16}.Release|Any CPU.Build.0 = Release|Any CPU
		{5A14ED8F-F0DF-4D74-83D4-7ADBE33ABD16}.Release|x64.ActiveCfg = Release|Any CPU
		{5A14ED8F-F0DF-4D74-83D4-7ADBE33ABD16}.Release|x64.Build.0 = Release|Any CPU
		{5A14ED8F-F0DF-4D74-83D4-7ADBE33ABD16}.Release|x86.ActiveCfg = Release|Any CPU
		{5A14ED8F-F0DF-4D74-83D4-7ADBE33ABD16}.Release|x86.Build.0 = Release|Any CPU
	EndGlobalSection
	GlobalSection(SolutionProperties) = preSolution
		HideSolutionNode = FALSE
	EndGlobalSection
EndGlobal
